// !$*UTF8*$!
{
	archiveVersion = 1;
	classes = {
	};
	objectVersion = 46;
	objects = {

/* Begin PBXBuildFile section */
		317386301C21A366002E085B /* Scene.cpp in Sources */ = {isa = PBXBuildFile; fileRef = 3173862E1C21A366002E085B /* Scene.cpp */; };
		317386331C21A49D002E085B /* vector.cpp in Sources */ = {isa = PBXBuildFile; fileRef = 317386311C21A49D002E085B /* vector.cpp */; };
		317386361C21A5B1002E085B /* Texture.cpp in Sources */ = {isa = PBXBuildFile; fileRef = 317386341C21A5B1002E085B /* Texture.cpp */; };
		317386391C21A6E6002E085B /* Object.cpp in Sources */ = {isa = PBXBuildFile; fileRef = 317386371C21A6E6002E085B /* Object.cpp */; };
		3173863C1C21A968002E085B /* Model.cpp in Sources */ = {isa = PBXBuildFile; fileRef = 3173863A1C21A968002E085B /* Model.cpp */; };
		31BBF7FB1C1F0156004A387F /* main.cpp in Sources */ = {isa = PBXBuildFile; fileRef = 31BBF7FA1C1F0156004A387F /* main.cpp */; };
/* End PBXBuildFile section */

/* Begin PBXCopyFilesBuildPhase section */
		31BBF7F51C1F0156004A387F /* CopyFiles */ = {
			isa = PBXCopyFilesBuildPhase;
			buildActionMask = 2147483647;
			dstPath = /usr/share/man/man1/;
			dstSubfolderSpec = 0;
			files = (
			);
			runOnlyForDeploymentPostprocessing = 1;
		};
/* End PBXCopyFilesBuildPhase section */

/* Begin PBXFileReference section */
		0ED2954C1C22092900EE23D8 /* test.osh */ = {isa = PBXFileReference; fileEncoding = 4; lastKnownFileType = text; path = test.osh; sourceTree = "<group>"; };
		3173862E1C21A366002E085B /* Scene.cpp */ = {isa = PBXFileReference; fileEncoding = 4; lastKnownFileType = sourcecode.cpp.cpp; path = Scene.cpp; sourceTree = "<group>"; };
		3173862F1C21A366002E085B /* Scene.h */ = {isa = PBXFileReference; fileEncoding = 4; lastKnownFileType = sourcecode.c.h; path = Scene.h; sourceTree = "<group>"; };
		317386311C21A49D002E085B /* vector.cpp */ = {isa = PBXFileReference; fileEncoding = 4; lastKnownFileType = sourcecode.cpp.cpp; path = vector.cpp; sourceTree = "<group>"; };
		317386321C21A49D002E085B /* vector.h */ = {isa = PBXFileReference; fileEncoding = 4; lastKnownFileType = sourcecode.c.h; path = vector.h; sourceTree = "<group>"; };
		317386341C21A5B1002E085B /* Texture.cpp */ = {isa = PBXFileReference; fileEncoding = 4; lastKnownFileType = sourcecode.cpp.cpp; path = Texture.cpp; sourceTree = "<group>"; };
		317386351C21A5B1002E085B /* Texture.h */ = {isa = PBXFileReference; fileEncoding = 4; lastKnownFileType = sourcecode.c.h; path = Texture.h; sourceTree = "<group>"; };
		317386371C21A6E6002E085B /* Object.cpp */ = {isa = PBXFileReference; fileEncoding = 4; lastKnownFileType = sourcecode.cpp.cpp; path = Object.cpp; sourceTree = "<group>"; };
		317386381C21A6E6002E085B /* Object.h */ = {isa = PBXFileReference; fileEncoding = 4; lastKnownFileType = sourcecode.c.h; path = Object.h; sourceTree = "<group>"; };
		3173863A1C21A968002E085B /* Model.cpp */ = {isa = PBXFileReference; fileEncoding = 4; lastKnownFileType = sourcecode.cpp.cpp; path = Model.cpp; sourceTree = "<group>"; };
		3173863B1C21A968002E085B /* Model.h */ = {isa = PBXFileReference; fileEncoding = 4; lastKnownFileType = sourcecode.c.h; path = Model.h; sourceTree = "<group>"; };
		31BBF7F71C1F0156004A387F /* CGHausarbeit_NardmannZumberovic */ = {isa = PBXFileReference; explicitFileType = "compiled.mach-o.executable"; includeInIndex = 0; path = CGHausarbeit_NardmannZumberovic; sourceTree = BUILT_PRODUCTS_DIR; };
		31BBF7FA1C1F0156004A387F /* main.cpp */ = {isa = PBXFileReference; lastKnownFileType = sourcecode.cpp.cpp; path = main.cpp; sourceTree = "<group>"; };
/* End PBXFileReference section */

/* Begin PBXFrameworksBuildPhase section */
		31BBF7F41C1F0156004A387F /* Frameworks */ = {
			isa = PBXFrameworksBuildPhase;
			buildActionMask = 2147483647;
			files = (
			);
			runOnlyForDeploymentPostprocessing = 0;
		};
/* End PBXFrameworksBuildPhase section */

/* Begin PBXGroup section */
		31BBF7EE1C1F0156004A387F = {
			isa = PBXGroup;
			children = (
				0ED2954C1C22092900EE23D8 /* test.osh */,
				31BBF7F91C1F0156004A387F /* CGHausarbeit_NardmannZumberovic */,
				31BBF7F81C1F0156004A387F /* Products */,
			);
			sourceTree = "<group>";
		};
		31BBF7F81C1F0156004A387F /* Products */ = {
			isa = PBXGroup;
			children = (
				31BBF7F71C1F0156004A387F /* CGHausarbeit_NardmannZumberovic */,
			);
			name = Products;
			sourceTree = "<group>";
		};
		31BBF7F91C1F0156004A387F /* CGHausarbeit_NardmannZumberovic */ = {
			isa = PBXGroup;
			children = (
				31BBF7FA1C1F0156004A387F /* main.cpp */,
				3173862E1C21A366002E085B /* Scene.cpp */,
				3173862F1C21A366002E085B /* Scene.h */,
				317386311C21A49D002E085B /* vector.cpp */,
				317386321C21A49D002E085B /* vector.h */,
				317386341C21A5B1002E085B /* Texture.cpp */,
				317386351C21A5B1002E085B /* Texture.h */,
				317386371C21A6E6002E085B /* Object.cpp */,
				317386381C21A6E6002E085B /* Object.h */,
				3173863A1C21A968002E085B /* Model.cpp */,
				3173863B1C21A968002E085B /* Model.h */,
			);
			path = CGHausarbeit_NardmannZumberovic;
			sourceTree = "<group>";
		};
/* End PBXGroup section */

/* Begin PBXNativeTarget section */
		31BBF7F61C1F0156004A387F /* CGHausarbeit_NardmannZumberovic */ = {
			isa = PBXNativeTarget;
			buildConfigurationList = 31BBF7FE1C1F0156004A387F /* Build configuration list for PBXNativeTarget "CGHausarbeit_NardmannZumberovic" */;
			buildPhases = (
				31BBF7F31C1F0156004A387F /* Sources */,
				31BBF7F41C1F0156004A387F /* Frameworks */,
				31BBF7F51C1F0156004A387F /* CopyFiles */,
			);
			buildRules = (
			);
			dependencies = (
			);
			name = CGHausarbeit_NardmannZumberovic;
			productName = CGHausarbeit_NardmannZumberovic;
			productReference = 31BBF7F71C1F0156004A387F /* CGHausarbeit_NardmannZumberovic */;
			productType = "com.apple.product-type.tool";
		};
/* End PBXNativeTarget section */

/* Begin PBXProject section */
		31BBF7EF1C1F0156004A387F /* Project object */ = {
			isa = PBXProject;
			attributes = {
				LastUpgradeCheck = 0720;
				ORGANIZATIONNAME = HochschuleOsnabrueck;
				TargetAttributes = {
					31BBF7F61C1F0156004A387F = {
						CreatedOnToolsVersion = 7.2;
					};
				};
			};
			buildConfigurationList = 31BBF7F21C1F0156004A387F /* Build configuration list for PBXProject "CGHausarbeit_NardmannZumberovic" */;
			compatibilityVersion = "Xcode 3.2";
			developmentRegion = English;
			hasScannedForEncodings = 0;
			knownRegions = (
				en,
			);
			mainGroup = 31BBF7EE1C1F0156004A387F;
			productRefGroup = 31BBF7F81C1F0156004A387F /* Products */;
			projectDirPath = "";
			projectRoot = "";
			targets = (
				31BBF7F61C1F0156004A387F /* CGHausarbeit_NardmannZumberovic */,
			);
		};
/* End PBXProject section */

/* Begin PBXSourcesBuildPhase section */
		31BBF7F31C1F0156004A387F /* Sources */ = {
			isa = PBXSourcesBuildPhase;
			buildActionMask = 2147483647;
			files = (
				317386301C21A366002E085B /* Scene.cpp in Sources */,
				317386361C21A5B1002E085B /* Texture.cpp in Sources */,
				31BBF7FB1C1F0156004A387F /* main.cpp in Sources */,
				3173863C1C21A968002E085B /* Model.cpp in Sources */,
				317386391C21A6E6002E085B /* Object.cpp in Sources */,
				317386331C21A49D002E085B /* vector.cpp in Sources */,
			);
			runOnlyForDeploymentPostprocessing = 0;
		};
/* End PBXSourcesBuildPhase section */

/* Begin XCBuildConfiguration section */
		31BBF7FC1C1F0156004A387F /* Debug */ = {
			isa = XCBuildConfiguration;
			buildSettings = {
				ALWAYS_SEARCH_USER_PATHS = NO;
				CLANG_CXX_LANGUAGE_STANDARD = "gnu++0x";
				CLANG_CXX_LIBRARY = "libc++";
				CLANG_ENABLE_MODULES = YES;
				CLANG_ENABLE_OBJC_ARC = YES;
				CLANG_WARN_BOOL_CONVERSION = YES;
				CLANG_WARN_CONSTANT_CONVERSION = YES;
				CLANG_WARN_DIRECT_OBJC_ISA_USAGE = YES_ERROR;
				CLANG_WARN_EMPTY_BODY = YES;
				CLANG_WARN_ENUM_CONVERSION = YES;
				CLANG_WARN_INT_CONVERSION = YES;
				CLANG_WARN_OBJC_ROOT_CLASS = YES_ERROR;
				CLANG_WARN_UNREACHABLE_CODE = YES;
				CLANG_WARN__DUPLICATE_METHOD_MATCH = YES;
				CODE_SIGN_IDENTITY = "-";
				COPY_PHASE_STRIP = NO;
				DEBUG_INFORMATION_FORMAT = dwarf;
				ENABLE_STRICT_OBJC_MSGSEND = YES;
				ENABLE_TESTABILITY = YES;
				GCC_C_LANGUAGE_STANDARD = gnu99;
				GCC_DYNAMIC_NO_PIC = NO;
				GCC_NO_COMMON_BLOCKS = YES;
				GCC_OPTIMIZATION_LEVEL = 0;
				GCC_PREPROCESSOR_DEFINITIONS = (
					"DEBUG=1",
					"$(inherited)",
				);
				GCC_WARN_64_TO_32_BIT_CONVERSION = YES;
				GCC_WARN_ABOUT_RETURN_TYPE = YES_ERROR;
				GCC_WARN_UNDECLARED_SELECTOR = YES;
				GCC_WARN_UNINITIALIZED_AUTOS = YES_AGGRESSIVE;
				GCC_WARN_UNUSED_FUNCTION = YES;
				GCC_WARN_UNUSED_VARIABLE = YES;
				MACOSX_DEPLOYMENT_TARGET = 10.11;
				MTL_ENABLE_DEBUG_INFO = YES;
				ONLY_ACTIVE_ARCH = YES;
				SDKROOT = macosx;
			};
			name = Debug;
		};
		31BBF7FD1C1F0156004A387F /* Release */ = {
			isa = XCBuildConfiguration;
			buildSettings = {
				ALWAYS_SEARCH_USER_PATHS = NO;
				CLANG_CXX_LANGUAGE_STANDARD = "gnu++0x";
				CLANG_CXX_LIBRARY = "libc++";
				CLANG_ENABLE_MODULES = YES;
				CLANG_ENABLE_OBJC_ARC = YES;
				CLANG_WARN_BOOL_CONVERSION = YES;
				CLANG_WARN_CONSTANT_CONVERSION = YES;
				CLANG_WARN_DIRECT_OBJC_ISA_USAGE = YES_ERROR;
				CLANG_WARN_EMPTY_BODY = YES;
				CLANG_WARN_ENUM_CONVERSION = YES;
				CLANG_WARN_INT_CONVERSION = YES;
				CLANG_WARN_OBJC_ROOT_CLASS = YES_ERROR;
				CLANG_WARN_UNREACHABLE_CODE = YES;
				CLANG_WARN__DUPLICATE_METHOD_MATCH = YES;
				CODE_SIGN_IDENTITY = "-";
				COPY_PHASE_STRIP = NO;
				DEBUG_INFORMATION_FORMAT = "dwarf-with-dsym";
				ENABLE_NS_ASSERTIONS = NO;
				ENABLE_STRICT_OBJC_MSGSEND = YES;
				GCC_C_LANGUAGE_STANDARD = gnu99;
				GCC_NO_COMMON_BLOCKS = YES;
				GCC_WARN_64_TO_32_BIT_CONVERSION = YES;
				GCC_WARN_ABOUT_RETURN_TYPE = YES_ERROR;
				GCC_WARN_UNDECLARED_SELECTOR = YES;
				GCC_WARN_UNINITIALIZED_AUTOS = YES_AGGRESSIVE;
				GCC_WARN_UNUSED_FUNCTION = YES;
				GCC_WARN_UNUSED_VARIABLE = YES;
				MACOSX_DEPLOYMENT_TARGET = 10.11;
				MTL_ENABLE_DEBUG_INFO = NO;
				SDKROOT = macosx;
			};
			name = Release;
		};
		31BBF7FF1C1F0156004A387F /* Debug */ = {
			isa = XCBuildConfiguration;
			buildSettings = {
				PRODUCT_NAME = "$(TARGET_NAME)";
			};
			name = Debug;
		};
		31BBF8001C1F0156004A387F /* Release */ = {
			isa = XCBuildConfiguration;
			buildSettings = {
				PRODUCT_NAME = "$(TARGET_NAME)";
			};
			name = Release;
		};
/* End XCBuildConfiguration section */

/* Begin XCConfigurationList section */
		31BBF7F21C1F0156004A387F /* Build configuration list for PBXProject "CGHausarbeit_NardmannZumberovic" */ = {
			isa = XCConfigurationList;
			buildConfigurations = (
				31BBF7FC1C1F0156004A387F /* Debug */,
				31BBF7FD1C1F0156004A387F /* Release */,
			);
			defaultConfigurationIsVisible = 0;
			defaultConfigurationName = Release;
		};
		31BBF7FE1C1F0156004A387F /* Build configuration list for PBXNativeTarget "CGHausarbeit_NardmannZumberovic" */ = {
			isa = XCConfigurationList;
			buildConfigurations = (
				31BBF7FF1C1F0156004A387F /* Debug */,
				31BBF8001C1F0156004A387F /* Release */,
			);
			defaultConfigurationIsVisible = 0;
			defaultConfigurationName = Release;
		};
/* End XCConfigurationList section */
	};
	rootObject = 31BBF7EF1C1F0156004A387F /* Project object */;
}
