// !$*UTF8*$!
{
	archiveVersion = 1;
	classes = {
	};
	objectVersion = 46;
	objects = {

/* Begin PBXBuildFile section */
		0E33E1061C2212D100A8172F /* color.cpp in Sources */ = {isa = PBXBuildFile; fileRef = 0E33E1001C2212D100A8172F /* color.cpp */; };
		0E33E1071C2212D100A8172F /* Material.cpp in Sources */ = {isa = PBXBuildFile; fileRef = 0E33E1021C2212D100A8172F /* Material.cpp */; };
		0E33E10A1C2213A400A8172F /* GLUT.framework in Frameworks */ = {isa = PBXBuildFile; fileRef = 0E33E1091C2213A400A8172F /* GLUT.framework */; };
		0E33E10C1C2213AA00A8172F /* OpenGL.framework in Frameworks */ = {isa = PBXBuildFile; fileRef = 0E33E10B1C2213AA00A8172F /* OpenGL.framework */; };
		0E5018CD1C5257DC00EFB9B9 /* Object.cpp in Sources */ = {isa = PBXBuildFile; fileRef = 0E5018CC1C5257DC00EFB9B9 /* Object.cpp */; };
		0E5018D01C5267B100EFB9B9 /* Camera.cpp in Sources */ = {isa = PBXBuildFile; fileRef = 0E5018CE1C5267B100EFB9B9 /* Camera.cpp */; };
		0EE5C5311C4D4C6E00CF20F9 /* BoundingBox.cpp in Sources */ = {isa = PBXBuildFile; fileRef = 0EE5C5301C4D4C6E00CF20F9 /* BoundingBox.cpp */; };
		0EEF2BF51C761D250068A229 /* Room.cpp in Sources */ = {isa = PBXBuildFile; fileRef = 0EEF2BF11C761D250068A229 /* Room.cpp */; };
		0EEF2BF61C761D250068A229 /* ShaderProgram.cpp in Sources */ = {isa = PBXBuildFile; fileRef = 0EEF2BF31C761D250068A229 /* ShaderProgram.cpp */; };
		0EEF2BFB1C76265D0068A229 /* Matrix.cpp in Sources */ = {isa = PBXBuildFile; fileRef = 0EEF2BF91C76265D0068A229 /* Matrix.cpp */; };
		317386301C21A366002E085B /* Scene.cpp in Sources */ = {isa = PBXBuildFile; fileRef = 3173862E1C21A366002E085B /* Scene.cpp */; };
		317386331C21A49D002E085B /* vector.cpp in Sources */ = {isa = PBXBuildFile; fileRef = 317386311C21A49D002E085B /* vector.cpp */; };
		317386361C21A5B1002E085B /* Texture.cpp in Sources */ = {isa = PBXBuildFile; fileRef = 317386341C21A5B1002E085B /* Texture.cpp */; };
		31BBF7FB1C1F0156004A387F /* main.cpp in Sources */ = {isa = PBXBuildFile; fileRef = 31BBF7FA1C1F0156004A387F /* main.cpp */; };
/* End PBXBuildFile section */

/* Begin PBXCopyFilesBuildPhase section */
		31BBF7F51C1F0156004A387F /* CopyFiles */ = {
			isa = PBXCopyFilesBuildPhase;
			buildActionMask = 2147483647;
			dstPath = /usr/share/man/man1/;
			dstSubfolderSpec = 0;
			files = (
			);
			runOnlyForDeploymentPostprocessing = 1;
		};
/* End PBXCopyFilesBuildPhase section */

/* Begin PBXFileReference section */
		0E1B5CF81C4E701500E07D40 /* tisch.obj */ = {isa = PBXFileReference; fileEncoding = 4; lastKnownFileType = text; path = tisch.obj; sourceTree = "<group>"; };
		0E1B5CF91C4E701500E07D40 /* vase.obj */ = {isa = PBXFileReference; fileEncoding = 4; lastKnownFileType = text; path = vase.obj; sourceTree = "<group>"; };
		0E33E1001C2212D100A8172F /* color.cpp */ = {isa = PBXFileReference; fileEncoding = 4; lastKnownFileType = sourcecode.cpp.cpp; name = color.cpp; path = ../color.cpp; sourceTree = "<group>"; };
		0E33E1011C2212D100A8172F /* color.h */ = {isa = PBXFileReference; fileEncoding = 4; lastKnownFileType = sourcecode.c.h; name = color.h; path = ../color.h; sourceTree = "<group>"; };
		0E33E1021C2212D100A8172F /* Material.cpp */ = {isa = PBXFileReference; fileEncoding = 4; lastKnownFileType = sourcecode.cpp.cpp; name = Material.cpp; path = ../Material.cpp; sourceTree = "<group>"; };
		0E33E1031C2212D100A8172F /* Material.h */ = {isa = PBXFileReference; fileEncoding = 4; lastKnownFileType = sourcecode.c.h; name = Material.h; path = ../Material.h; sourceTree = "<group>"; };
		0E33E1091C2213A400A8172F /* GLUT.framework */ = {isa = PBXFileReference; lastKnownFileType = wrapper.framework; name = GLUT.framework; path = System/Library/Frameworks/GLUT.framework; sourceTree = SDKROOT; };
		0E33E10B1C2213AA00A8172F /* OpenGL.framework */ = {isa = PBXFileReference; lastKnownFileType = wrapper.framework; name = OpenGL.framework; path = System/Library/Frameworks/OpenGL.framework; sourceTree = SDKROOT; };
		0E5018CC1C5257DC00EFB9B9 /* Object.cpp */ = {isa = PBXFileReference; fileEncoding = 4; lastKnownFileType = sourcecode.cpp.cpp; path = Object.cpp; sourceTree = "<group>"; };
		0E5018CE1C5267B100EFB9B9 /* Camera.cpp */ = {isa = PBXFileReference; fileEncoding = 4; lastKnownFileType = sourcecode.cpp.cpp; path = Camera.cpp; sourceTree = "<group>"; };
		0E5018CF1C5267B100EFB9B9 /* Camera.h */ = {isa = PBXFileReference; fileEncoding = 4; lastKnownFileType = sourcecode.c.h; path = Camera.h; sourceTree = "<group>"; };
		0EE5C52F1C4D4C1C00CF20F9 /* BoundingBox.h */ = {isa = PBXFileReference; lastKnownFileType = sourcecode.c.h; path = BoundingBox.h; sourceTree = "<group>"; };
		0EE5C5301C4D4C6E00CF20F9 /* BoundingBox.cpp */ = {isa = PBXFileReference; fileEncoding = 4; lastKnownFileType = sourcecode.cpp.cpp; path = BoundingBox.cpp; sourceTree = "<group>"; };
		0EEF2BF11C761D250068A229 /* Room.cpp */ = {isa = PBXFileReference; fileEncoding = 4; lastKnownFileType = sourcecode.cpp.cpp; path = Room.cpp; sourceTree = "<group>"; };
		0EEF2BF21C761D250068A229 /* Room.h */ = {isa = PBXFileReference; fileEncoding = 4; lastKnownFileType = sourcecode.c.h; path = Room.h; sourceTree = "<group>"; };
		0EEF2BF31C761D250068A229 /* ShaderProgram.cpp */ = {isa = PBXFileReference; fileEncoding = 4; lastKnownFileType = sourcecode.cpp.cpp; path = ShaderProgram.cpp; sourceTree = "<group>"; };
		0EEF2BF41C761D250068A229 /* ShaderProgram.h */ = {isa = PBXFileReference; fileEncoding = 4; lastKnownFileType = sourcecode.c.h; path = ShaderProgram.h; sourceTree = "<group>"; };
		0EEF2BF91C76265D0068A229 /* Matrix.cpp */ = {isa = PBXFileReference; fileEncoding = 4; lastKnownFileType = sourcecode.cpp.cpp; path = Matrix.cpp; sourceTree = "<group>"; };
		0EEF2BFA1C76265D0068A229 /* Matrix.h */ = {isa = PBXFileReference; fileEncoding = 4; lastKnownFileType = sourcecode.c.h; path = Matrix.h; sourceTree = "<group>"; };
		3173862E1C21A366002E085B /* Scene.cpp */ = {isa = PBXFileReference; fileEncoding = 4; lastKnownFileType = sourcecode.cpp.cpp; path = Scene.cpp; sourceTree = "<group>"; };
		3173862F1C21A366002E085B /* Scene.h */ = {isa = PBXFileReference; fileEncoding = 4; lastKnownFileType = sourcecode.c.h; path = Scene.h; sourceTree = "<group>"; };
		317386311C21A49D002E085B /* vector.cpp */ = {isa = PBXFileReference; fileEncoding = 4; lastKnownFileType = sourcecode.cpp.cpp; path = vector.cpp; sourceTree = "<group>"; };
		317386321C21A49D002E085B /* vector.h */ = {isa = PBXFileReference; fileEncoding = 4; lastKnownFileType = sourcecode.c.h; path = vector.h; sourceTree = "<group>"; };
		317386341C21A5B1002E085B /* Texture.cpp */ = {isa = PBXFileReference; fileEncoding = 4; lastKnownFileType = sourcecode.cpp.cpp; path = Texture.cpp; sourceTree = "<group>"; };
		317386351C21A5B1002E085B /* Texture.h */ = {isa = PBXFileReference; fileEncoding = 4; lastKnownFileType = sourcecode.c.h; path = Texture.h; sourceTree = "<group>"; };
		317386381C21A6E6002E085B /* Object.h */ = {isa = PBXFileReference; fileEncoding = 4; lastKnownFileType = sourcecode.c.h; path = Object.h; sourceTree = "<group>"; };
		31BBF7F71C1F0156004A387F /* CGHausarbeit_NardmannZumberovic */ = {isa = PBXFileReference; explicitFileType = "compiled.mach-o.executable"; includeInIndex = 0; path = CGHausarbeit_NardmannZumberovic; sourceTree = BUILT_PRODUCTS_DIR; };
		31BBF7FA1C1F0156004A387F /* main.cpp */ = {isa = PBXFileReference; lastKnownFileType = sourcecode.cpp.cpp; path = main.cpp; sourceTree = "<group>"; };
/* End PBXFileReference section */

/* Begin PBXFrameworksBuildPhase section */
		31BBF7F41C1F0156004A387F /* Frameworks */ = {
			isa = PBXFrameworksBuildPhase;
			buildActionMask = 2147483647;
			files = (
				0E33E10C1C2213AA00A8172F /* OpenGL.framework in Frameworks */,
				0E33E10A1C2213A400A8172F /* GLUT.framework in Frameworks */,
			);
			runOnlyForDeploymentPostprocessing = 0;
		};
/* End PBXFrameworksBuildPhase section */

/* Begin PBXGroup section */
		31BBF7EE1C1F0156004A387F = {
			isa = PBXGroup;
			children = (
				0E33E10B1C2213AA00A8172F /* OpenGL.framework */,
				0E33E1091C2213A400A8172F /* GLUT.framework */,
				31BBF7F91C1F0156004A387F /* CGHausarbeit_NardmannZumberovic */,
				31BBF7F81C1F0156004A387F /* Products */,
			);
			sourceTree = "<group>";
		};
		31BBF7F81C1F0156004A387F /* Products */ = {
			isa = PBXGroup;
			children = (
				31BBF7F71C1F0156004A387F /* CGHausarbeit_NardmannZumberovic */,
			);
			name = Products;
			sourceTree = "<group>";
		};
		31BBF7F91C1F0156004A387F /* CGHausarbeit_NardmannZumberovic */ = {
			isa = PBXGroup;
			children = (
				0EEF2BF91C76265D0068A229 /* Matrix.cpp */,
				0EEF2BFA1C76265D0068A229 /* Matrix.h */,
				0EEF2BF11C761D250068A229 /* Room.cpp */,
				0EEF2BF21C761D250068A229 /* Room.h */,
				0EEF2BF31C761D250068A229 /* ShaderProgram.cpp */,
				0EEF2BF41C761D250068A229 /* ShaderProgram.h */,
				31BBF7FA1C1F0156004A387F /* main.cpp */,
				3173862E1C21A366002E085B /* Scene.cpp */,
				0E1B5CF81C4E701500E07D40 /* tisch.obj */,
				0E1B5CF91C4E701500E07D40 /* vase.obj */,
				3173862F1C21A366002E085B /* Scene.h */,
				0E5018CE1C5267B100EFB9B9 /* Camera.cpp */,
				0E5018CF1C5267B100EFB9B9 /* Camera.h */,
				317386311C21A49D002E085B /* vector.cpp */,
				0E33E1001C2212D100A8172F /* color.cpp */,
				0E33E1011C2212D100A8172F /* color.h */,
				0E33E1021C2212D100A8172F /* Material.cpp */,
				0E33E1031C2212D100A8172F /* Material.h */,
				317386321C21A49D002E085B /* vector.h */,
				317386341C21A5B1002E085B /* Texture.cpp */,
				317386351C21A5B1002E085B /* Texture.h */,
				317386381C21A6E6002E085B /* Object.h */,
				0EE5C52F1C4D4C1C00CF20F9 /* BoundingBox.h */,
				0EE5C5301C4D4C6E00CF20F9 /* BoundingBox.cpp */,
				0E5018CC1C5257DC00EFB9B9 /* Object.cpp */,
			);
			path = CGHausarbeit_NardmannZumberovic;
			sourceTree = "<group>";
		};
/* End PBXGroup section */

/* Begin PBXNativeTarget section */
		31BBF7F61C1F0156004A387F /* CGHausarbeit_NardmannZumberovic */ = {
			isa = PBXNativeTarget;
			buildConfigurationList = 31BBF7FE1C1F0156004A387F /* Build configuration list for PBXNativeTarget "CGHausarbeit_NardmannZumberovic" */;
			buildPhases = (
				31BBF7F31C1F0156004A387F /* Sources */,
				31BBF7F41C1F0156004A387F /* Frameworks */,
				31BBF7F51C1F0156004A387F /* CopyFiles */,
			);
			buildRules = (
			);
			dependencies = (
			);
			name = CGHausarbeit_NardmannZumberovic;
			productName = CGHausarbeit_NardmannZumberovic;
			productReference = 31BBF7F71C1F0156004A387F /* CGHausarbeit_NardmannZumberovic */;
			productType = "com.apple.product-type.tool";
		};
/* End PBXNativeTarget section */

/* Begin PBXProject section */
		31BBF7EF1C1F0156004A387F /* Project object */ = {
			isa = PBXProject;
			attributes = {
				LastUpgradeCheck = 0720;
				ORGANIZATIONNAME = HochschuleOsnabrueck;
				TargetAttributes = {
					31BBF7F61C1F0156004A387F = {
						CreatedOnToolsVersion = 7.2;
					};
				};
			};
			buildConfigurationList = 31BBF7F21C1F0156004A387F /* Build configuration list for PBXProject "CGHausarbeit_NardmannZumberovic" */;
			compatibilityVersion = "Xcode 3.2";
			developmentRegion = English;
			hasScannedForEncodings = 0;
			knownRegions = (
				en,
			);
			mainGroup = 31BBF7EE1C1F0156004A387F;
			productRefGroup = 31BBF7F81C1F0156004A387F /* Products */;
			projectDirPath = "";
			projectRoot = "";
			targets = (
				31BBF7F61C1F0156004A387F /* CGHausarbeit_NardmannZumberovic */,
			);
		};
/* End PBXProject section */

/* Begin PBXSourcesBuildPhase section */
		31BBF7F31C1F0156004A387F /* Sources */ = {
			isa = PBXSourcesBuildPhase;
			buildActionMask = 2147483647;
			files = (
				0EEF2BFB1C76265D0068A229 /* Matrix.cpp in Sources */,
				317386301C21A366002E085B /* Scene.cpp in Sources */,
				317386361C21A5B1002E085B /* Texture.cpp in Sources */,
				0E5018CD1C5257DC00EFB9B9 /* Object.cpp in Sources */,
				31BBF7FB1C1F0156004A387F /* main.cpp in Sources */,
				0EEF2BF51C761D250068A229 /* Room.cpp in Sources */,
				0E5018D01C5267B100EFB9B9 /* Camera.cpp in Sources */,
				0EE5C5311C4D4C6E00CF20F9 /* BoundingBox.cpp in Sources */,
				0EEF2BF61C761D250068A229 /* ShaderProgram.cpp in Sources */,
				0E33E1071C2212D100A8172F /* Material.cpp in Sources */,
				0E33E1061C2212D100A8172F /* color.cpp in Sources */,
				317386331C21A49D002E085B /* vector.cpp in Sources */,
			);
			runOnlyForDeploymentPostprocessing = 0;
		};
/* End PBXSourcesBuildPhase section */

/* Begin XCBuildConfiguration section */
		31BBF7FC1C1F0156004A387F /* Debug */ = {
			isa = XCBuildConfiguration;
			buildSettings = {
				ALWAYS_SEARCH_USER_PATHS = NO;
				CLANG_CXX_LANGUAGE_STANDARD = "gnu++0x";
				CLANG_CXX_LIBRARY = "libc++";
				CLANG_ENABLE_MODULES = YES;
				CLANG_ENABLE_OBJC_ARC = YES;
				CLANG_WARN_BOOL_CONVERSION = YES;
				CLANG_WARN_CONSTANT_CONVERSION = YES;
				CLANG_WARN_DIRECT_OBJC_ISA_USAGE = YES_ERROR;
				CLANG_WARN_EMPTY_BODY = YES;
				CLANG_WARN_ENUM_CONVERSION = YES;
				CLANG_WARN_INT_CONVERSION = YES;
				CLANG_WARN_OBJC_ROOT_CLASS = YES_ERROR;
				CLANG_WARN_UNREACHABLE_CODE = YES;
				CLANG_WARN__DUPLICATE_METHOD_MATCH = YES;
				CODE_SIGN_IDENTITY = "-";
				COPY_PHASE_STRIP = NO;
				DEBUG_INFORMATION_FORMAT = dwarf;
				ENABLE_STRICT_OBJC_MSGSEND = YES;
				ENABLE_TESTABILITY = YES;
				GCC_C_LANGUAGE_STANDARD = gnu99;
				GCC_DYNAMIC_NO_PIC = NO;
				GCC_NO_COMMON_BLOCKS = YES;
				GCC_OPTIMIZATION_LEVEL = 0;
				GCC_PREPROCESSOR_DEFINITIONS = (
					"DEBUG=1",
					"$(inherited)",
				);
				GCC_WARN_64_TO_32_BIT_CONVERSION = YES;
				GCC_WARN_ABOUT_RETURN_TYPE = YES_ERROR;
				GCC_WARN_UNDECLARED_SELECTOR = YES;
				GCC_WARN_UNINITIALIZED_AUTOS = YES_AGGRESSIVE;
				GCC_WARN_UNUSED_FUNCTION = YES;
				GCC_WARN_UNUSED_VARIABLE = YES;
				MACOSX_DEPLOYMENT_TARGET = 10.11;
				MTL_ENABLE_DEBUG_INFO = YES;
				ONLY_ACTIVE_ARCH = YES;
				SDKROOT = macosx;
			};
			name = Debug;
		};
		31BBF7FD1C1F0156004A387F /* Release */ = {
			isa = XCBuildConfiguration;
			buildSettings = {
				ALWAYS_SEARCH_USER_PATHS = NO;
				CLANG_CXX_LANGUAGE_STANDARD = "gnu++0x";
				CLANG_CXX_LIBRARY = "libc++";
				CLANG_ENABLE_MODULES = YES;
				CLANG_ENABLE_OBJC_ARC = YES;
				CLANG_WARN_BOOL_CONVERSION = YES;
				CLANG_WARN_CONSTANT_CONVERSION = YES;
				CLANG_WARN_DIRECT_OBJC_ISA_USAGE = YES_ERROR;
				CLANG_WARN_EMPTY_BODY = YES;
				CLANG_WARN_ENUM_CONVERSION = YES;
				CLANG_WARN_INT_CONVERSION = YES;
				CLANG_WARN_OBJC_ROOT_CLASS = YES_ERROR;
				CLANG_WARN_UNREACHABLE_CODE = YES;
				CLANG_WARN__DUPLICATE_METHOD_MATCH = YES;
				CODE_SIGN_IDENTITY = "-";
				COPY_PHASE_STRIP = NO;
				DEBUG_INFORMATION_FORMAT = "dwarf-with-dsym";
				ENABLE_NS_ASSERTIONS = NO;
				ENABLE_STRICT_OBJC_MSGSEND = YES;
				GCC_C_LANGUAGE_STANDARD = gnu99;
				GCC_NO_COMMON_BLOCKS = YES;
				GCC_WARN_64_TO_32_BIT_CONVERSION = YES;
				GCC_WARN_ABOUT_RETURN_TYPE = YES_ERROR;
				GCC_WARN_UNDECLARED_SELECTOR = YES;
				GCC_WARN_UNINITIALIZED_AUTOS = YES_AGGRESSIVE;
				GCC_WARN_UNUSED_FUNCTION = YES;
				GCC_WARN_UNUSED_VARIABLE = YES;
				MACOSX_DEPLOYMENT_TARGET = 10.11;
				MTL_ENABLE_DEBUG_INFO = NO;
				SDKROOT = macosx;
			};
			name = Release;
		};
		31BBF7FF1C1F0156004A387F /* Debug */ = {
			isa = XCBuildConfiguration;
			buildSettings = {
				ARCHS = "$(ARCHS_STANDARD)";
				PRODUCT_NAME = "$(TARGET_NAME)";
				VALID_ARCHS = x86_64;
			};
			name = Debug;
		};
		31BBF8001C1F0156004A387F /* Release */ = {
			isa = XCBuildConfiguration;
			buildSettings = {
				ARCHS = "$(ARCHS_STANDARD)";
				PRODUCT_NAME = "$(TARGET_NAME)";
				VALID_ARCHS = x86_64;
			};
			name = Release;
		};
/* End XCBuildConfiguration section */

/* Begin XCConfigurationList section */
		31BBF7F21C1F0156004A387F /* Build configuration list for PBXProject "CGHausarbeit_NardmannZumberovic" */ = {
			isa = XCConfigurationList;
			buildConfigurations = (
				31BBF7FC1C1F0156004A387F /* Debug */,
				31BBF7FD1C1F0156004A387F /* Release */,
			);
			defaultConfigurationIsVisible = 0;
			defaultConfigurationName = Release;
		};
		31BBF7FE1C1F0156004A387F /* Build configuration list for PBXNativeTarget "CGHausarbeit_NardmannZumberovic" */ = {
			isa = XCConfigurationList;
			buildConfigurations = (
				31BBF7FF1C1F0156004A387F /* Debug */,
				31BBF8001C1F0156004A387F /* Release */,
			);
			defaultConfigurationIsVisible = 0;
			defaultConfigurationName = Release;
		};
/* End XCConfigurationList section */
	};
	rootObject = 31BBF7EF1C1F0156004A387F /* Project object */;
}
